
Microsoft Visual Studio Solution File, Format Version 12.00
# Visual Studio Version 17
VisualStudioVersion = 17.11.35208.52
MinimumVisualStudioVersion = 10.0.40219.1
Project("{FAE04EC0-301F-11D3-BF4B-00C04F79EFBC}") = "LIBRARYMANAGESYSTEMS", "LIBRARYMANAGESYSTEMS.csproj", "{C8F6C1B3-31FD-4ADE-A914-04F44379BA23}"
EndProject
Global
	GlobalSection(SolutionConfigurationPlatforms) = preSolution
		Debug|Any CPU = Debug|Any CPU
		Release|Any CPU = Release|Any CPU
	EndGlobalSection
	GlobalSection(ProjectConfigurationPlatforms) = postSolution
		{C8F6C1B3-31FD-4ADE-A914-04F44379BA23}.Debug|Any CPU.ActiveCfg = Debug|Any CPU
		{C8F6C1B3-31FD-4ADE-A914-04F44379BA23}.Debug|Any CPU.Build.0 = Debug|Any CPU
		{C8F6C1B3-31FD-4ADE-A914-04F44379BA23}.Release|Any CPU.ActiveCfg = Release|Any CPU
		{C8F6C1B3-31FD-4ADE-A914-04F44379BA23}.Release|Any CPU.Build.0 = Release|Any CPU
	EndGlobalSection
	GlobalSection(SolutionProperties) = preSolution
		HideSolutionNode = FALSE
	EndGlobalSection
	GlobalSection(ExtensibilityGlobals) = postSolution
		SolutionGuid = {C3425E4B-43EC-4CB8-A370-07F172650762}
	EndGlobalSection
EndGlobal
